{
  "name": "Kiosk-catch",
  "lockfileVersion": 3,
  "requires": true,
  "packages": {
    "": {
      "dependencies": {
        "react-native-tts": "^4.1.0"
      }
    },
    "node_modules/react-native-tts": {
      "version": "4.1.0",
      "resolved": "https://registry.npmjs.org/react-native-tts/-/react-native-tts-4.1.0.tgz",
      "integrity": "sha512-tvf3lQ6u9MqztUie37qoPw5YQPqi0ql1lPhDsBBs/RRA6A/H1J9X9H/qb1A0Hx0ZpjavrEdtVSqQQ2JDZvZCTQ=="
    }
  }
}
